github.com/dapper-data/dapper-orchestrator v0.1.2 h1:1Oo0ZAOXNTblVGDvJrS3rCgXb7q/+dByhu1uTwDspoU=
github.com/dapper-data/dapper-orchestrator v0.1.2/go.mod h1:8VkICKm8rjW/yTFgcq9C51hpp+GIDh7JPbbZxOHW7+4=
github.com/emirpasic/gods v1.18.1 h1:FXtiHYKDGKCW2KzwZKx0iC0PQmdlorYgdFG9jPXJ1Bc=
github.com/emirpasic/gods v1.18.1/go.mod h1:8tpGGwCnJ5H4r6BWwaV6OrWmMoPhUl5jm/FMNAnJvWQ=
github.com/go-test/deep v1.1.0 h1:WOcxcdHcvdgThNXjw0t76K42FXTU7HpNQWHpA2HHNlg=
github.com/go-test/deep v1.1.0/go.mod h1:5C2ZWiW0ErCdrYzpqxLbTX7MG14M9iiw8DgHncVwcsE=
github.com/google/uuid v1.3.0/go.mod h1:TIyPZe4MgqvfeYDBFedMoGGpEw/LqOeaOT+nhxU+yHo=
github.com/google/uuid v1.4.0 h1:MtMxsa51/r9yyhkyLsVeVt0B+BGQZzpQiTQ4eHZ8bc4=
github.com/google/uuid v1.4.0/go.mod h1:TIyPZe4MgqvfeYDBFedMoGGpEw/LqOeaOT+nhxU+yHo=
github.com/heimdalr/dag v1.3.1 h1:EVFVwlQQF3BkG5KptfhY645enDUakmpOe9GmOYYtKB8=
github.com/heimdalr/dag v1.3.1/go.mod h1:OCh6ghKmU0hPjtwMqWBoNxPmtRioKd1xSu7Zs4sbIqM=
golang.org/x/sync v0.5.0 h1:60k92dhOjHxJkrqnwsfl8KuaHbn/5dl0lUPUklKo3qE=
golang.org/x/sync v0.5.0/go.mod h1:Czt+wKu1gCyEFDUtn0jG5QVvpJ6rzVqr5aXyt9drQfk=
